
Microsoft Visual Studio Solution File, Format Version 12.00
# Visual Studio Version 17
VisualStudioVersion = 17.0.31912.275
MinimumVisualStudioVersion = 10.0.40219.1
Project("{9A19103F-16F7-4668-BE54-9A1E7A4F7556}") = "TaxCalculatingService", ".\TaxCalculatingService\TaxCalculatingService.csproj", "{9E35CA3A-3680-49FD-9CA7-ED9452545301}"
EndProject
Project("{9A19103F-16F7-4668-BE54-9A1E7A4F7556}") = "ExcelReader", ".\EtoroExcelReader\ExcelReader.csproj", "{D2CC48F6-02A1-4649-9609-33A5AA5CD918}"
EndProject
Project("{9A19103F-16F7-4668-BE54-9A1E7A4F7556}") = "Database", ".\Database\Database.csproj", "{D4D6B65E-A365-478B-944B-286FB7110FDE}"
EndProject
Project("{9A19103F-16F7-4668-BE54-9A1E7A4F7556}") = "Calculations", ".\Calculations\Calculations.csproj", "{20CE04F1-E65E-4F77-A788-4912C31FB606}"
EndProject
Project("{9A19103F-16F7-4668-BE54-9A1E7A4F7556}") = "ResultsPresenter", ".\ResultPresenter\ResultsPresenter.csproj", "{D089CB16-8E19-4EB4-BC0B-9AFE623D362F}"
EndProject
Project("{9A19103F-16F7-4668-BE54-9A1E7A4F7556}") = "WebApi", ".\WebApi\WebApi.csproj", "{38085F29-5D88-47E8-8329-E0D5D2A0B5F4}"
EndProject
Project("{2150E333-8FDC-42A3-9474-1A3956D46DE8}") = "Solution Items", "Solution Items", "{7DF500C3-BD69-42B8-BEC5-ED7231BD2ECC}"
EndProject
Project("{FAE04EC0-301F-11D3-BF4B-00C04F79EFBC}") = "TaxEtoro.ServiceDefaults", "TaxEtoro.ServiceDefaults\TaxEtoro.ServiceDefaults.csproj", "{A4226CC1-3EBC-4D41-912B-6A2730EC648B}"
EndProject
Project("{FAE04EC0-301F-11D3-BF4B-00C04F79EFBC}") = "TaxEtoro.AppHost", "TaxEtoro.AppHost\TaxEtoro.AppHost.csproj", "{8A2CB347-61F4-4944-BDF8-20BD50763BF2}"
EndProject
Global
	GlobalSection(SolutionConfigurationPlatforms) = preSolution
		Debug|Any CPU = Debug|Any CPU
		Debug|x64 = Debug|x64
		Release|Any CPU = Release|Any CPU
		Release|x64 = Release|x64
	EndGlobalSection
	GlobalSection(ProjectConfigurationPlatforms) = postSolution
		{9E35CA3A-3680-49FD-9CA7-ED9452545301}.Debug|Any CPU.ActiveCfg = Debug|Any CPU
		{9E35CA3A-3680-49FD-9CA7-ED9452545301}.Debug|Any CPU.Build.0 = Debug|Any CPU
		{9E35CA3A-3680-49FD-9CA7-ED9452545301}.Debug|x64.ActiveCfg = Debug|x64
		{9E35CA3A-3680-49FD-9CA7-ED9452545301}.Debug|x64.Build.0 = Debug|x64
		{9E35CA3A-3680-49FD-9CA7-ED9452545301}.Release|Any CPU.ActiveCfg = Release|Any CPU
		{9E35CA3A-3680-49FD-9CA7-ED9452545301}.Release|Any CPU.Build.0 = Release|Any CPU
		{9E35CA3A-3680-49FD-9CA7-ED9452545301}.Release|x64.ActiveCfg = Release|x64
		{9E35CA3A-3680-49FD-9CA7-ED9452545301}.Release|x64.Build.0 = Release|x64
		{D2CC48F6-02A1-4649-9609-33A5AA5CD918}.Debug|Any CPU.ActiveCfg = Debug|Any CPU
		{D2CC48F6-02A1-4649-9609-33A5AA5CD918}.Debug|Any CPU.Build.0 = Debug|Any CPU
		{D2CC48F6-02A1-4649-9609-33A5AA5CD918}.Debug|x64.ActiveCfg = Debug|x64
		{D2CC48F6-02A1-4649-9609-33A5AA5CD918}.Debug|x64.Build.0 = Debug|x64
		{D2CC48F6-02A1-4649-9609-33A5AA5CD918}.Release|Any CPU.ActiveCfg = Release|Any CPU
		{D2CC48F6-02A1-4649-9609-33A5AA5CD918}.Release|Any CPU.Build.0 = Release|Any CPU
		{D2CC48F6-02A1-4649-9609-33A5AA5CD918}.Release|x64.ActiveCfg = Release|x64
		{D2CC48F6-02A1-4649-9609-33A5AA5CD918}.Release|x64.Build.0 = Release|x64
		{D4D6B65E-A365-478B-944B-286FB7110FDE}.Debug|Any CPU.ActiveCfg = Debug|Any CPU
		{D4D6B65E-A365-478B-944B-286FB7110FDE}.Debug|Any CPU.Build.0 = Debug|Any CPU
		{D4D6B65E-A365-478B-944B-286FB7110FDE}.Debug|x64.ActiveCfg = Debug|Any CPU
		{D4D6B65E-A365-478B-944B-286FB7110FDE}.Debug|x64.Build.0 = Debug|Any CPU
		{D4D6B65E-A365-478B-944B-286FB7110FDE}.Release|Any CPU.ActiveCfg = Release|Any CPU
		{D4D6B65E-A365-478B-944B-286FB7110FDE}.Release|Any CPU.Build.0 = Release|Any CPU
		{D4D6B65E-A365-478B-944B-286FB7110FDE}.Release|x64.ActiveCfg = Release|Any CPU
		{D4D6B65E-A365-478B-944B-286FB7110FDE}.Release|x64.Build.0 = Release|Any CPU
		{20CE04F1-E65E-4F77-A788-4912C31FB606}.Debug|Any CPU.ActiveCfg = Debug|Any CPU
		{20CE04F1-E65E-4F77-A788-4912C31FB606}.Debug|Any CPU.Build.0 = Debug|Any CPU
		{20CE04F1-E65E-4F77-A788-4912C31FB606}.Debug|x64.ActiveCfg = Debug|Any CPU
		{20CE04F1-E65E-4F77-A788-4912C31FB606}.Debug|x64.Build.0 = Debug|Any CPU
		{20CE04F1-E65E-4F77-A788-4912C31FB606}.Release|Any CPU.ActiveCfg = Release|Any CPU
		{20CE04F1-E65E-4F77-A788-4912C31FB606}.Release|Any CPU.Build.0 = Release|Any CPU
		{20CE04F1-E65E-4F77-A788-4912C31FB606}.Release|x64.ActiveCfg = Release|Any CPU
		{20CE04F1-E65E-4F77-A788-4912C31FB606}.Release|x64.Build.0 = Release|Any CPU
		{D089CB16-8E19-4EB4-BC0B-9AFE623D362F}.Debug|Any CPU.ActiveCfg = Debug|Any CPU
		{D089CB16-8E19-4EB4-BC0B-9AFE623D362F}.Debug|Any CPU.Build.0 = Debug|Any CPU
		{D089CB16-8E19-4EB4-BC0B-9AFE623D362F}.Debug|x64.ActiveCfg = Debug|Any CPU
		{D089CB16-8E19-4EB4-BC0B-9AFE623D362F}.Debug|x64.Build.0 = Debug|Any CPU
		{D089CB16-8E19-4EB4-BC0B-9AFE623D362F}.Release|Any CPU.ActiveCfg = Release|Any CPU
		{D089CB16-8E19-4EB4-BC0B-9AFE623D362F}.Release|Any CPU.Build.0 = Release|Any CPU
		{D089CB16-8E19-4EB4-BC0B-9AFE623D362F}.Release|x64.ActiveCfg = Release|Any CPU
		{D089CB16-8E19-4EB4-BC0B-9AFE623D362F}.Release|x64.Build.0 = Release|Any CPU
		{38085F29-5D88-47E8-8329-E0D5D2A0B5F4}.Debug|Any CPU.ActiveCfg = Debug|Any CPU
		{38085F29-5D88-47E8-8329-E0D5D2A0B5F4}.Debug|Any CPU.Build.0 = Debug|Any CPU
		{38085F29-5D88-47E8-8329-E0D5D2A0B5F4}.Debug|x64.ActiveCfg = Debug|Any CPU
		{38085F29-5D88-47E8-8329-E0D5D2A0B5F4}.Debug|x64.Build.0 = Debug|Any CPU
		{38085F29-5D88-47E8-8329-E0D5D2A0B5F4}.Release|Any CPU.ActiveCfg = Release|Any CPU
		{38085F29-5D88-47E8-8329-E0D5D2A0B5F4}.Release|Any CPU.Build.0 = Release|Any CPU
		{38085F29-5D88-47E8-8329-E0D5D2A0B5F4}.Release|x64.ActiveCfg = Release|Any CPU
		{38085F29-5D88-47E8-8329-E0D5D2A0B5F4}.Release|x64.Build.0 = Release|Any CPU
		{A4226CC1-3EBC-4D41-912B-6A2730EC648B}.Debug|Any CPU.ActiveCfg = Debug|Any CPU
		{A4226CC1-3EBC-4D41-912B-6A2730EC648B}.Debug|Any CPU.Build.0 = Debug|Any CPU
		{A4226CC1-3EBC-4D41-912B-6A2730EC648B}.Debug|x64.ActiveCfg = Debug|Any CPU
		{A4226CC1-3EBC-4D41-912B-6A2730EC648B}.Debug|x64.Build.0 = Debug|Any CPU
		{A4226CC1-3EBC-4D41-912B-6A2730EC648B}.Release|Any CPU.ActiveCfg = Release|Any CPU
		{A4226CC1-3EBC-4D41-912B-6A2730EC648B}.Release|Any CPU.Build.0 = Release|Any CPU
		{A4226CC1-3EBC-4D41-912B-6A2730EC648B}.Release|x64.ActiveCfg = Release|Any CPU
		{A4226CC1-3EBC-4D41-912B-6A2730EC648B}.Release|x64.Build.0 = Release|Any CPU
		{8A2CB347-61F4-4944-BDF8-20BD50763BF2}.Debug|Any CPU.ActiveCfg = Debug|Any CPU
		{8A2CB347-61F4-4944-BDF8-20BD50763BF2}.Debug|Any CPU.Build.0 = Debug|Any CPU
		{8A2CB347-61F4-4944-BDF8-20BD50763BF2}.Debug|x64.ActiveCfg = Debug|Any CPU
		{8A2CB347-61F4-4944-BDF8-20BD50763BF2}.Debug|x64.Build.0 = Debug|Any CPU
		{8A2CB347-61F4-4944-BDF8-20BD50763BF2}.Release|Any CPU.ActiveCfg = Release|Any CPU
		{8A2CB347-61F4-4944-BDF8-20BD50763BF2}.Release|Any CPU.Build.0 = Release|Any CPU
		{8A2CB347-61F4-4944-BDF8-20BD50763BF2}.Release|x64.ActiveCfg = Release|Any CPU
		{8A2CB347-61F4-4944-BDF8-20BD50763BF2}.Release|x64.Build.0 = Release|Any CPU
	EndGlobalSection
	GlobalSection(SolutionProperties) = preSolution
		HideSolutionNode = FALSE
	EndGlobalSection
	GlobalSection(ExtensibilityGlobals) = postSolution
		SolutionGuid = {6A4338D7-5B04-4E80-AED4-EC64ED09FDF3}
	EndGlobalSection
EndGlobal
